
Microsoft Visual Studio Solution File, Format Version 12.00
# Visual Studio Version 17
VisualStudioVersion = 17.3.32922.545
MinimumVisualStudioVersion = 10.0.40219.1
Project("{9A19103F-16F7-4668-BE54-9A1E7A4F7556}") = "Additionapp", "Additionapp\Additionapp.csproj", "{EF4E1F0C-18D5-49AF-BCE0-5C7407722C11}"
EndProject
Project("{FAE04EC0-301F-11D3-BF4B-00C04F79EFBC}") = "Additionappunittest", "Additionappunittest\Additionappunittest.csproj", "{AA750902-5F75-434C-BB6F-B7EDB963D515}"
EndProject
Global
	GlobalSection(SolutionConfigurationPlatforms) = preSolution
		Debug|Any CPU = Debug|Any CPU
		Release|Any CPU = Release|Any CPU
	EndGlobalSection
	GlobalSection(ProjectConfigurationPlatforms) = postSolution
		{EF4E1F0C-18D5-49AF-BCE0-5C7407722C11}.Debug|Any CPU.ActiveCfg = Debug|Any CPU
		{EF4E1F0C-18D5-49AF-BCE0-5C7407722C11}.Debug|Any CPU.Build.0 = Debug|Any CPU
		{EF4E1F0C-18D5-49AF-BCE0-5C7407722C11}.Release|Any CPU.ActiveCfg = Release|Any CPU
		{EF4E1F0C-18D5-49AF-BCE0-5C7407722C11}.Release|Any CPU.Build.0 = Release|Any CPU
		{AA750902-5F75-434C-BB6F-B7EDB963D515}.Debug|Any CPU.ActiveCfg = Debug|Any CPU
		{AA750902-5F75-434C-BB6F-B7EDB963D515}.Debug|Any CPU.Build.0 = Debug|Any CPU
		{AA750902-5F75-434C-BB6F-B7EDB963D515}.Release|Any CPU.ActiveCfg = Release|Any CPU
		{AA750902-5F75-434C-BB6F-B7EDB963D515}.Release|Any CPU.Build.0 = Release|Any CPU
	EndGlobalSection
	GlobalSection(SolutionProperties) = preSolution
		HideSolutionNode = FALSE
	EndGlobalSection
	GlobalSection(ExtensibilityGlobals) = postSolution
		SolutionGuid = {950AE8DA-68E4-4480-AC85-0A22CC584DD8}
	EndGlobalSection
EndGlobal
